
Microsoft Visual Studio Solution File, Format Version 12.00
# Visual Studio 15
VisualStudioVersion = 15.0.27703.2035
MinimumVisualStudioVersion = 10.0.40219.1
Project("{FAE04EC0-301F-11D3-BF4B-00C04F79EFBC}") = "FunctionApp1", "FunctionApp1\FunctionApp1.csproj", "{0BA48E9D-BB19-40BC-AF68-82248B503FA9}"
EndProject
Global
	GlobalSection(SolutionConfigurationPlatforms) = preSolution
		Debug|Any CPU = Debug|Any CPU
		Release|Any CPU = Release|Any CPU
	EndGlobalSection
	GlobalSection(ProjectConfigurationPlatforms) = postSolution
		{0BA48E9D-BB19-40BC-AF68-82248B503FA9}.Debug|Any CPU.ActiveCfg = Debug|Any CPU
		{0BA48E9D-BB19-40BC-AF68-82248B503FA9}.Debug|Any CPU.Build.0 = Debug|Any CPU
		{0BA48E9D-BB19-40BC-AF68-82248B503FA9}.Release|Any CPU.ActiveCfg = Release|Any CPU
		{0BA48E9D-BB19-40BC-AF68-82248B503FA9}.Release|Any CPU.Build.0 = Release|Any CPU
	EndGlobalSection
	GlobalSection(SolutionProperties) = preSolution
		HideSolutionNode = FALSE
	EndGlobalSection
	GlobalSection(ExtensibilityGlobals) = postSolution
		SolutionGuid = {4C90F5B1-F0AA-4840-AFC9-DB654A5F6351}
	EndGlobalSection
EndGlobal
