
Microsoft Visual Studio Solution File, Format Version 12.00
# Visual Studio 15
VisualStudioVersion = 15.0.27703.2035
MinimumVisualStudioVersion = 10.0.40219.1
Project("{FAE04EC0-301F-11D3-BF4B-00C04F79EFBC}") = "FunctionApp2", "FunctionApp2\FunctionApp2.csproj", "{6D5B9B59-40AA-4AFA-BAA6-D25E8612B9AE}"
EndProject
Global
	GlobalSection(SolutionConfigurationPlatforms) = preSolution
		Debug|Any CPU = Debug|Any CPU
		Release|Any CPU = Release|Any CPU
	EndGlobalSection
	GlobalSection(ProjectConfigurationPlatforms) = postSolution
		{6D5B9B59-40AA-4AFA-BAA6-D25E8612B9AE}.Debug|Any CPU.ActiveCfg = Debug|Any CPU
		{6D5B9B59-40AA-4AFA-BAA6-D25E8612B9AE}.Debug|Any CPU.Build.0 = Debug|Any CPU
		{6D5B9B59-40AA-4AFA-BAA6-D25E8612B9AE}.Release|Any CPU.ActiveCfg = Release|Any CPU
		{6D5B9B59-40AA-4AFA-BAA6-D25E8612B9AE}.Release|Any CPU.Build.0 = Release|Any CPU
	EndGlobalSection
	GlobalSection(SolutionProperties) = preSolution
		HideSolutionNode = FALSE
	EndGlobalSection
	GlobalSection(ExtensibilityGlobals) = postSolution
		SolutionGuid = {DF67F70C-8331-4C6B-BD61-ED7298E57F48}
	EndGlobalSection
EndGlobal
